
Microsoft Visual Studio Solution File, Format Version 12.00
# Visual Studio Version 16
VisualStudioVersion = 16.0.31410.357
MinimumVisualStudioVersion = 10.0.40219.1
Project("{9A19103F-16F7-4668-BE54-9A1E7A4F7556}") = "RemTestSys", "RemTestSys\RemTestSys.csproj", "{9C3424D3-4A2F-4C20-A4A0-A109947D8CF7}"
EndProject
Project("{FAE04EC0-301F-11D3-BF4B-00C04F79EFBC}") = "UnitTests", "UnitTests\UnitTests.csproj", "{40A52CA4-D9BB-49A6-B13E-CBEC7511DB1B}"
EndProject
Global
	GlobalSection(SolutionConfigurationPlatforms) = preSolution
		Debug|Any CPU = Debug|Any CPU
		Release|Any CPU = Release|Any CPU
	EndGlobalSection
	GlobalSection(ProjectConfigurationPlatforms) = postSolution
		{9C3424D3-4A2F-4C20-A4A0-A109947D8CF7}.Debug|Any CPU.ActiveCfg = Debug|Any CPU
		{9C3424D3-4A2F-4C20-A4A0-A109947D8CF7}.Debug|Any CPU.Build.0 = Debug|Any CPU
		{9C3424D3-4A2F-4C20-A4A0-A109947D8CF7}.Release|Any CPU.ActiveCfg = Release|Any CPU
		{9C3424D3-4A2F-4C20-A4A0-A109947D8CF7}.Release|Any CPU.Build.0 = Release|Any CPU
		{40A52CA4-D9BB-49A6-B13E-CBEC7511DB1B}.Debug|Any CPU.ActiveCfg = Debug|Any CPU
		{40A52CA4-D9BB-49A6-B13E-CBEC7511DB1B}.Debug|Any CPU.Build.0 = Debug|Any CPU
		{40A52CA4-D9BB-49A6-B13E-CBEC7511DB1B}.Release|Any CPU.ActiveCfg = Release|Any CPU
		{40A52CA4-D9BB-49A6-B13E-CBEC7511DB1B}.Release|Any CPU.Build.0 = Release|Any CPU
	EndGlobalSection
	GlobalSection(SolutionProperties) = preSolution
		HideSolutionNode = FALSE
	EndGlobalSection
	GlobalSection(ExtensibilityGlobals) = postSolution
		SolutionGuid = {FFB36CF4-AAAD-4674-B0C4-0288C2D26F33}
	EndGlobalSection
EndGlobal
